
Microsoft Visual Studio Solution File, Format Version 12.00
# Visual Studio 15
VisualStudioVersion = 15.0.28307.168
MinimumVisualStudioVersion = 10.0.40219.1
Project("{FAE04EC0-301F-11D3-BF4B-00C04F79EFBC}") = "Server_Side_Application", "Server_Side_Application\Server_Side_Application.csproj", "{6C873C2D-FEAB-4E2E-AE8F-65C226D75438}"
EndProject
Global
	GlobalSection(SolutionConfigurationPlatforms) = preSolution
		Debug|Any CPU = Debug|Any CPU
		Release|Any CPU = Release|Any CPU
	EndGlobalSection
	GlobalSection(ProjectConfigurationPlatforms) = postSolution
		{6C873C2D-FEAB-4E2E-AE8F-65C226D75438}.Debug|Any CPU.ActiveCfg = Debug|Any CPU
		{6C873C2D-FEAB-4E2E-AE8F-65C226D75438}.Debug|Any CPU.Build.0 = Debug|Any CPU
		{6C873C2D-FEAB-4E2E-AE8F-65C226D75438}.Release|Any CPU.ActiveCfg = Release|Any CPU
		{6C873C2D-FEAB-4E2E-AE8F-65C226D75438}.Release|Any CPU.Build.0 = Release|Any CPU
	EndGlobalSection
	GlobalSection(SolutionProperties) = preSolution
		HideSolutionNode = FALSE
	EndGlobalSection
	GlobalSection(ExtensibilityGlobals) = postSolution
		SolutionGuid = {F2CB1639-D7F4-40E2-B445-619EE9BA8464}
	EndGlobalSection
EndGlobal
